
Microsoft Visual Studio Solution File, Format Version 12.00
# Visual Studio 15
VisualStudioVersion = 15.0.28010.2026
MinimumVisualStudioVersion = 10.0.40219.1
Project("{FAE04EC0-301F-11D3-BF4B-00C04F79EFBC}") = "Chess", "Chess\Chess.csproj", "{D445320E-C93B-4D25-B2FF-E4AA4A63A254}"
EndProject
Project("{FAE04EC0-301F-11D3-BF4B-00C04F79EFBC}") = "DemoChess", "DemoChess\DemoChess.csproj", "{FDBCA5F4-69B0-4659-97EC-A1BE5E853BBB}"
EndProject
Global
	GlobalSection(SolutionConfigurationPlatforms) = preSolution
		Debug|Any CPU = Debug|Any CPU
		Release|Any CPU = Release|Any CPU
	EndGlobalSection
	GlobalSection(ProjectConfigurationPlatforms) = postSolution
		{D445320E-C93B-4D25-B2FF-E4AA4A63A254}.Debug|Any CPU.ActiveCfg = Debug|Any CPU
		{D445320E-C93B-4D25-B2FF-E4AA4A63A254}.Debug|Any CPU.Build.0 = Debug|Any CPU
		{D445320E-C93B-4D25-B2FF-E4AA4A63A254}.Release|Any CPU.ActiveCfg = Release|Any CPU
		{D445320E-C93B-4D25-B2FF-E4AA4A63A254}.Release|Any CPU.Build.0 = Release|Any CPU
		{FDBCA5F4-69B0-4659-97EC-A1BE5E853BBB}.Debug|Any CPU.ActiveCfg = Debug|Any CPU
		{FDBCA5F4-69B0-4659-97EC-A1BE5E853BBB}.Debug|Any CPU.Build.0 = Debug|Any CPU
		{FDBCA5F4-69B0-4659-97EC-A1BE5E853BBB}.Release|Any CPU.ActiveCfg = Release|Any CPU
		{FDBCA5F4-69B0-4659-97EC-A1BE5E853BBB}.Release|Any CPU.Build.0 = Release|Any CPU
	EndGlobalSection
	GlobalSection(SolutionProperties) = preSolution
		HideSolutionNode = FALSE
	EndGlobalSection
	GlobalSection(ExtensibilityGlobals) = postSolution
		SolutionGuid = {EB9673B3-F193-4E19-9228-964580DFDCFC}
	EndGlobalSection
EndGlobal
